
Microsoft Visual Studio Solution File, Format Version 12.00
# Visual Studio 14
VisualStudioVersion = 14.0.25420.1
MinimumVisualStudioVersion = 10.0.40219.1
Project("{FAE04EC0-301F-11D3-BF4B-00C04F79EFBC}") = "SilverlightUnitTest", "SilverlightUnitTest\SilverlightUnitTest.csproj", "{C95FE09E-C73F-40FC-968F-7374C683C2EE}"
EndProject
Project("{FAE04EC0-301F-11D3-BF4B-00C04F79EFBC}") = "SilverlightClassLibrary", "SilverlightClassLibrary\SilverlightClassLibrary.csproj", "{3DD1E607-C9B3-4159-9232-E66F0667D92B}"
EndProject
Global
	GlobalSection(SolutionConfigurationPlatforms) = preSolution
		Debug|Any CPU = Debug|Any CPU
		Release|Any CPU = Release|Any CPU
	EndGlobalSection
	GlobalSection(ProjectConfigurationPlatforms) = postSolution
		{C95FE09E-C73F-40FC-968F-7374C683C2EE}.Debug|Any CPU.ActiveCfg = Debug|Any CPU
		{C95FE09E-C73F-40FC-968F-7374C683C2EE}.Debug|Any CPU.Build.0 = Debug|Any CPU
		{C95FE09E-C73F-40FC-968F-7374C683C2EE}.Release|Any CPU.ActiveCfg = Release|Any CPU
		{C95FE09E-C73F-40FC-968F-7374C683C2EE}.Release|Any CPU.Build.0 = Release|Any CPU
		{3DD1E607-C9B3-4159-9232-E66F0667D92B}.Debug|Any CPU.ActiveCfg = Debug|Any CPU
		{3DD1E607-C9B3-4159-9232-E66F0667D92B}.Debug|Any CPU.Build.0 = Debug|Any CPU
		{3DD1E607-C9B3-4159-9232-E66F0667D92B}.Release|Any CPU.ActiveCfg = Release|Any CPU
		{3DD1E607-C9B3-4159-9232-E66F0667D92B}.Release|Any CPU.Build.0 = Release|Any CPU
	EndGlobalSection
	GlobalSection(SolutionProperties) = preSolution
		HideSolutionNode = FALSE
	EndGlobalSection
EndGlobal
